
Microsoft Visual Studio Solution File, Format Version 12.00
# Visual Studio 15
Project("{FAE04EC0-301F-11D3-BF4B-00C04F79EFBC}") = "Algorithm", "Algorithm\Algorithm.csproj", "{A8B7C053-4519-4BBF-8CB7-410879928EA7}"
EndProject
Global
	GlobalSection(SolutionConfigurationPlatforms) = preSolution
		Debug|Any CPU = Debug|Any CPU
		Release|Any CPU = Release|Any CPU
	EndGlobalSection
	GlobalSection(ProjectConfigurationPlatforms) = postSolution
		{A8B7C053-4519-4BBF-8CB7-410879928EA7}.Debug|Any CPU.ActiveCfg = Debug|Any CPU
		{A8B7C053-4519-4BBF-8CB7-410879928EA7}.Debug|Any CPU.Build.0 = Debug|Any CPU
		{A8B7C053-4519-4BBF-8CB7-410879928EA7}.Release|Any CPU.ActiveCfg = Release|Any CPU
		{A8B7C053-4519-4BBF-8CB7-410879928EA7}.Release|Any CPU.Build.0 = Release|Any CPU
	EndGlobalSection
EndGlobal
